
Microsoft Visual Studio Solution File, Format Version 12.00
# Visual Studio Version 17
VisualStudioVersion = 17.14.36310.24
MinimumVisualStudioVersion = 10.0.40219.1
Project("{2150E333-8FDC-42A3-9474-1A3956D46DE8}") = "Lesson1", "Lesson1", "{02EA681E-C7D8-13C7-8484-4AC65E1B71E8}"
EndProject
Project("{2150E333-8FDC-42A3-9474-1A3956D46DE8}") = "Lesson4", "Lesson4", "{54C339FF-38F7-4F61-B115-38337991AD33}"
EndProject
Project("{2150E333-8FDC-42A3-9474-1A3956D46DE8}") = "Lesson4_1", "Lesson4_1", "{5713D4BA-BE3D-422A-8AC6-EDE5B8C0DA7B}"
EndProject
Project("{2150E333-8FDC-42A3-9474-1A3956D46DE8}") = "Lesson5", "Lesson5", "{70B59444-D5C2-4EA3-A94D-6FF6996FCDC1}"
EndProject
Project("{FAE04EC0-301F-11D3-BF4B-00C04F79EFBC}") = "Homework1", "Lesson1\Homework1\Homework1.csproj", "{DDD75374-A9CA-4A1D-B877-6D0159E3A1F4}"
EndProject
Project("{FAE04EC0-301F-11D3-BF4B-00C04F79EFBC}") = "Laborator1", "Lesson1\Laborator1\Laborator1.csproj", "{0B18DFE7-4AF3-445F-83B1-C6C71765F6FF}"
EndProject
Project("{FAE04EC0-301F-11D3-BF4B-00C04F79EFBC}") = "Homework4", "Lesson4\Homework4\Homework4.csproj", "{FD93D1E4-18BE-4B8B-AA12-18FB1EF7CD8D}"
EndProject
Project("{FAE04EC0-301F-11D3-BF4B-00C04F79EFBC}") = "Laborator4_1", "Lesson4_1\Laborator4_1\Laborator4_1.csproj", "{41607475-65B1-4522-BFEC-61938EDDF7B0}"
EndProject
Project("{FAE04EC0-301F-11D3-BF4B-00C04F79EFBC}") = "Laborator4", "Lesson4\Laborator4\Laborator4.csproj", "{2A7A19B0-6C88-455F-B1FA-5246FCB4A04F}"
EndProject
Project("{FAE04EC0-301F-11D3-BF4B-00C04F79EFBC}") = "Homework5", "Lesson5\Homework5\Homework5.csproj", "{E1708B90-0326-46B7-86E9-05B484FF3ACC}"
EndProject
Project("{2150E333-8FDC-42A3-9474-1A3956D46DE8}") = "Lesson6", "Lesson6", "{620DC380-D3E7-4DAD-A489-B320C86A391C}"
EndProject
Project("{FAE04EC0-301F-11D3-BF4B-00C04F79EFBC}") = "Homework6", "Lesson6\Homework6\Homework6.csproj", "{CCF6C74C-70D0-4896-B7A5-FFA987B15B88}"
EndProject
Project("{2150E333-8FDC-42A3-9474-1A3956D46DE8}") = "Lesson7", "Lesson7", "{3E1857BB-8B58-4E4F-B02D-6CA0EF2324DE}"
EndProject
Project("{FAE04EC0-301F-11D3-BF4B-00C04F79EFBC}") = "Homework7", "Lesson7\Homework7\Homework7.csproj", "{04B39E58-2F13-4EF7-A011-30EC444FD4E4}"
EndProject
Project("{2150E333-8FDC-42A3-9474-1A3956D46DE8}") = "Solution Items", "Solution Items", "{8EC462FD-D22E-90A8-E5CE-7E832BA40C5D}"
	ProjectSection(SolutionItems) = preProject
		.gitignore = .gitignore
		README.md = README.md
	EndProjectSection
EndProject
Project("{2150E333-8FDC-42A3-9474-1A3956D46DE8}") = "Lesson7_2", "Lesson7_2", "{664C07A8-DBA8-449C-B5FC-5712702D55A4}"
EndProject
Project("{FAE04EC0-301F-11D3-BF4B-00C04F79EFBC}") = "Laborator7_2", "Lesson7_2\Laborator7_2\Laborator7_2.csproj", "{BB234829-21EF-4045-B5C3-9D1037882685}"
EndProject
Project("{2150E333-8FDC-42A3-9474-1A3956D46DE8}") = "Lesson7_3", "Lesson7_3", "{C99050EC-30A2-4234-B24E-847F839CA2A8}"
EndProject
Project("{FAE04EC0-301F-11D3-BF4B-00C04F79EFBC}") = "Laborator7_3", "Lesson7_3\Laborator7_3\Laborator7_3.csproj", "{BCABBEEB-1427-40A3-B1BB-4A5D84C3FB37}"
EndProject
Project("{2150E333-8FDC-42A3-9474-1A3956D46DE8}") = "Lesson8", "Lesson8", "{DA9EC9A1-3F3E-4465-965D-628FEBF3CBA7}"
EndProject
Project("{FAE04EC0-301F-11D3-BF4B-00C04F79EFBC}") = "Laborator8", "Lesson8\Laborator8\Laborator8.csproj", "{74959044-C1BF-41DA-9EC9-6E201F301213}"
EndProject
Project("{2150E333-8FDC-42A3-9474-1A3956D46DE8}") = "Lesson9", "Lesson9", "{F46924D6-3A8A-4054-A732-7F8E5F46EAE0}"
EndProject
Project("{FAE04EC0-301F-11D3-BF4B-00C04F79EFBC}") = "Laborator9", "Lesson9\Laborator9\Laborator9.csproj", "{59503CC3-41BE-478F-BF47-5E106B0CC111}"
EndProject
Global
	GlobalSection(SolutionConfigurationPlatforms) = preSolution
		Debug|Any CPU = Debug|Any CPU
		Release|Any CPU = Release|Any CPU
	EndGlobalSection
	GlobalSection(ProjectConfigurationPlatforms) = postSolution
		{DDD75374-A9CA-4A1D-B877-6D0159E3A1F4}.Debug|Any CPU.ActiveCfg = Debug|Any CPU
		{DDD75374-A9CA-4A1D-B877-6D0159E3A1F4}.Debug|Any CPU.Build.0 = Debug|Any CPU
		{DDD75374-A9CA-4A1D-B877-6D0159E3A1F4}.Release|Any CPU.ActiveCfg = Release|Any CPU
		{DDD75374-A9CA-4A1D-B877-6D0159E3A1F4}.Release|Any CPU.Build.0 = Release|Any CPU
		{0B18DFE7-4AF3-445F-83B1-C6C71765F6FF}.Debug|Any CPU.ActiveCfg = Debug|Any CPU
		{0B18DFE7-4AF3-445F-83B1-C6C71765F6FF}.Debug|Any CPU.Build.0 = Debug|Any CPU
		{0B18DFE7-4AF3-445F-83B1-C6C71765F6FF}.Release|Any CPU.ActiveCfg = Release|Any CPU
		{0B18DFE7-4AF3-445F-83B1-C6C71765F6FF}.Release|Any CPU.Build.0 = Release|Any CPU
		{FD93D1E4-18BE-4B8B-AA12-18FB1EF7CD8D}.Debug|Any CPU.ActiveCfg = Debug|Any CPU
		{FD93D1E4-18BE-4B8B-AA12-18FB1EF7CD8D}.Debug|Any CPU.Build.0 = Debug|Any CPU
		{FD93D1E4-18BE-4B8B-AA12-18FB1EF7CD8D}.Release|Any CPU.ActiveCfg = Release|Any CPU
		{FD93D1E4-18BE-4B8B-AA12-18FB1EF7CD8D}.Release|Any CPU.Build.0 = Release|Any CPU
		{41607475-65B1-4522-BFEC-61938EDDF7B0}.Debug|Any CPU.ActiveCfg = Debug|Any CPU
		{41607475-65B1-4522-BFEC-61938EDDF7B0}.Debug|Any CPU.Build.0 = Debug|Any CPU
		{41607475-65B1-4522-BFEC-61938EDDF7B0}.Release|Any CPU.ActiveCfg = Release|Any CPU
		{41607475-65B1-4522-BFEC-61938EDDF7B0}.Release|Any CPU.Build.0 = Release|Any CPU
		{2A7A19B0-6C88-455F-B1FA-5246FCB4A04F}.Debug|Any CPU.ActiveCfg = Debug|Any CPU
		{2A7A19B0-6C88-455F-B1FA-5246FCB4A04F}.Debug|Any CPU.Build.0 = Debug|Any CPU
		{2A7A19B0-6C88-455F-B1FA-5246FCB4A04F}.Release|Any CPU.ActiveCfg = Release|Any CPU
		{2A7A19B0-6C88-455F-B1FA-5246FCB4A04F}.Release|Any CPU.Build.0 = Release|Any CPU
		{E1708B90-0326-46B7-86E9-05B484FF3ACC}.Debug|Any CPU.ActiveCfg = Debug|Any CPU
		{E1708B90-0326-46B7-86E9-05B484FF3ACC}.Debug|Any CPU.Build.0 = Debug|Any CPU
		{E1708B90-0326-46B7-86E9-05B484FF3ACC}.Release|Any CPU.ActiveCfg = Release|Any CPU
		{E1708B90-0326-46B7-86E9-05B484FF3ACC}.Release|Any CPU.Build.0 = Release|Any CPU
		{CCF6C74C-70D0-4896-B7A5-FFA987B15B88}.Debug|Any CPU.ActiveCfg = Debug|Any CPU
		{CCF6C74C-70D0-4896-B7A5-FFA987B15B88}.Debug|Any CPU.Build.0 = Debug|Any CPU
		{CCF6C74C-70D0-4896-B7A5-FFA987B15B88}.Release|Any CPU.ActiveCfg = Release|Any CPU
		{CCF6C74C-70D0-4896-B7A5-FFA987B15B88}.Release|Any CPU.Build.0 = Release|Any CPU
		{04B39E58-2F13-4EF7-A011-30EC444FD4E4}.Debug|Any CPU.ActiveCfg = Debug|Any CPU
		{04B39E58-2F13-4EF7-A011-30EC444FD4E4}.Debug|Any CPU.Build.0 = Debug|Any CPU
		{04B39E58-2F13-4EF7-A011-30EC444FD4E4}.Release|Any CPU.ActiveCfg = Release|Any CPU
		{04B39E58-2F13-4EF7-A011-30EC444FD4E4}.Release|Any CPU.Build.0 = Release|Any CPU
		{BB234829-21EF-4045-B5C3-9D1037882685}.Debug|Any CPU.ActiveCfg = Debug|Any CPU
		{BB234829-21EF-4045-B5C3-9D1037882685}.Debug|Any CPU.Build.0 = Debug|Any CPU
		{BB234829-21EF-4045-B5C3-9D1037882685}.Release|Any CPU.ActiveCfg = Release|Any CPU
		{BB234829-21EF-4045-B5C3-9D1037882685}.Release|Any CPU.Build.0 = Release|Any CPU
		{BCABBEEB-1427-40A3-B1BB-4A5D84C3FB37}.Debug|Any CPU.ActiveCfg = Debug|Any CPU
		{BCABBEEB-1427-40A3-B1BB-4A5D84C3FB37}.Debug|Any CPU.Build.0 = Debug|Any CPU
		{BCABBEEB-1427-40A3-B1BB-4A5D84C3FB37}.Release|Any CPU.ActiveCfg = Release|Any CPU
		{BCABBEEB-1427-40A3-B1BB-4A5D84C3FB37}.Release|Any CPU.Build.0 = Release|Any CPU
		{74959044-C1BF-41DA-9EC9-6E201F301213}.Debug|Any CPU.ActiveCfg = Debug|Any CPU
		{74959044-C1BF-41DA-9EC9-6E201F301213}.Debug|Any CPU.Build.0 = Debug|Any CPU
		{74959044-C1BF-41DA-9EC9-6E201F301213}.Release|Any CPU.ActiveCfg = Release|Any CPU
		{74959044-C1BF-41DA-9EC9-6E201F301213}.Release|Any CPU.Build.0 = Release|Any CPU
		{59503CC3-41BE-478F-BF47-5E106B0CC111}.Debug|Any CPU.ActiveCfg = Debug|Any CPU
		{59503CC3-41BE-478F-BF47-5E106B0CC111}.Debug|Any CPU.Build.0 = Debug|Any CPU
		{59503CC3-41BE-478F-BF47-5E106B0CC111}.Release|Any CPU.ActiveCfg = Release|Any CPU
		{59503CC3-41BE-478F-BF47-5E106B0CC111}.Release|Any CPU.Build.0 = Release|Any CPU
	EndGlobalSection
	GlobalSection(SolutionProperties) = preSolution
		HideSolutionNode = FALSE
	EndGlobalSection
	GlobalSection(NestedProjects) = preSolution
		{DDD75374-A9CA-4A1D-B877-6D0159E3A1F4} = {02EA681E-C7D8-13C7-8484-4AC65E1B71E8}
		{0B18DFE7-4AF3-445F-83B1-C6C71765F6FF} = {02EA681E-C7D8-13C7-8484-4AC65E1B71E8}
		{FD93D1E4-18BE-4B8B-AA12-18FB1EF7CD8D} = {54C339FF-38F7-4F61-B115-38337991AD33}
		{41607475-65B1-4522-BFEC-61938EDDF7B0} = {5713D4BA-BE3D-422A-8AC6-EDE5B8C0DA7B}
		{2A7A19B0-6C88-455F-B1FA-5246FCB4A04F} = {54C339FF-38F7-4F61-B115-38337991AD33}
		{E1708B90-0326-46B7-86E9-05B484FF3ACC} = {70B59444-D5C2-4EA3-A94D-6FF6996FCDC1}
		{CCF6C74C-70D0-4896-B7A5-FFA987B15B88} = {620DC380-D3E7-4DAD-A489-B320C86A391C}
		{04B39E58-2F13-4EF7-A011-30EC444FD4E4} = {3E1857BB-8B58-4E4F-B02D-6CA0EF2324DE}
		{BB234829-21EF-4045-B5C3-9D1037882685} = {664C07A8-DBA8-449C-B5FC-5712702D55A4}
		{BCABBEEB-1427-40A3-B1BB-4A5D84C3FB37} = {C99050EC-30A2-4234-B24E-847F839CA2A8}
		{74959044-C1BF-41DA-9EC9-6E201F301213} = {DA9EC9A1-3F3E-4465-965D-628FEBF3CBA7}
		{59503CC3-41BE-478F-BF47-5E106B0CC111} = {F46924D6-3A8A-4054-A732-7F8E5F46EAE0}
	EndGlobalSection
	GlobalSection(ExtensibilityGlobals) = postSolution
		SolutionGuid = {BBF9C644-1AC6-4347-80D6-4D5DD994BED8}
	EndGlobalSection
EndGlobal
